
Microsoft Visual Studio Solution File, Format Version 12.00
# Visual Studio Version 17
VisualStudioVersion = 17.1.32328.378
MinimumVisualStudioVersion = 10.0.40219.1
Project("{9A19103F-16F7-4668-BE54-9A1E7A4F7556}") = "InventoryManager", "InventoryManager\InventoryManager.csproj", "{838DE3DD-D47D-4D9E-BCFE-8191025E3875}"
EndProject
Project("{FAE04EC0-301F-11D3-BF4B-00C04F79EFBC}") = "Application.Test", "Application.Test\Application.Test.csproj", "{9ED684B1-D41B-4782-8F67-3FEB48F823C3}"
EndProject
Global
	GlobalSection(SolutionConfigurationPlatforms) = preSolution
		Debug|Any CPU = Debug|Any CPU
		Release|Any CPU = Release|Any CPU
	EndGlobalSection
	GlobalSection(ProjectConfigurationPlatforms) = postSolution
		{838DE3DD-D47D-4D9E-BCFE-8191025E3875}.Debug|Any CPU.ActiveCfg = Debug|Any CPU
		{838DE3DD-D47D-4D9E-BCFE-8191025E3875}.Debug|Any CPU.Build.0 = Debug|Any CPU
		{838DE3DD-D47D-4D9E-BCFE-8191025E3875}.Release|Any CPU.ActiveCfg = Release|Any CPU
		{838DE3DD-D47D-4D9E-BCFE-8191025E3875}.Release|Any CPU.Build.0 = Release|Any CPU
		{9ED684B1-D41B-4782-8F67-3FEB48F823C3}.Debug|Any CPU.ActiveCfg = Debug|Any CPU
		{9ED684B1-D41B-4782-8F67-3FEB48F823C3}.Debug|Any CPU.Build.0 = Debug|Any CPU
		{9ED684B1-D41B-4782-8F67-3FEB48F823C3}.Release|Any CPU.ActiveCfg = Release|Any CPU
		{9ED684B1-D41B-4782-8F67-3FEB48F823C3}.Release|Any CPU.Build.0 = Release|Any CPU
	EndGlobalSection
	GlobalSection(SolutionProperties) = preSolution
		HideSolutionNode = FALSE
	EndGlobalSection
	GlobalSection(ExtensibilityGlobals) = postSolution
		SolutionGuid = {E270FBAA-B1D6-40BC-B3DE-4A99DE8551C8}
	EndGlobalSection
EndGlobal
